
Microsoft Visual Studio Solution File, Format Version 12.00
# Visual Studio Version 16
VisualStudioVersion = 16.0.29123.88
MinimumVisualStudioVersion = 10.0.40219.1
Project("{FAE04EC0-301F-11D3-BF4B-00C04F79EFBC}") = "cs", "cs.csproj", "{03F0B7DE-E64B-489A-9D13-C01EB6744CC1}"
EndProject
Project("{FAE04EC0-301F-11D3-BF4B-00C04F79EFBC}") = "libTest", "libTest\libTest.csproj", "{4072CEC3-DD59-4C2E-93E8-5B05882DC009}"
EndProject
Global
	GlobalSection(SolutionConfigurationPlatforms) = preSolution
		Debug|Any CPU = Debug|Any CPU
		Release|Any CPU = Release|Any CPU
	EndGlobalSection
	GlobalSection(ProjectConfigurationPlatforms) = postSolution
		{03F0B7DE-E64B-489A-9D13-C01EB6744CC1}.Debug|Any CPU.ActiveCfg = Debug|Any CPU
		{03F0B7DE-E64B-489A-9D13-C01EB6744CC1}.Debug|Any CPU.Build.0 = Debug|Any CPU
		{03F0B7DE-E64B-489A-9D13-C01EB6744CC1}.Release|Any CPU.ActiveCfg = Release|Any CPU
		{03F0B7DE-E64B-489A-9D13-C01EB6744CC1}.Release|Any CPU.Build.0 = Release|Any CPU
		{4072CEC3-DD59-4C2E-93E8-5B05882DC009}.Debug|Any CPU.ActiveCfg = Debug|Any CPU
		{4072CEC3-DD59-4C2E-93E8-5B05882DC009}.Debug|Any CPU.Build.0 = Debug|Any CPU
		{4072CEC3-DD59-4C2E-93E8-5B05882DC009}.Release|Any CPU.ActiveCfg = Release|Any CPU
		{4072CEC3-DD59-4C2E-93E8-5B05882DC009}.Release|Any CPU.Build.0 = Release|Any CPU
	EndGlobalSection
	GlobalSection(SolutionProperties) = preSolution
		HideSolutionNode = FALSE
	EndGlobalSection
	GlobalSection(ExtensibilityGlobals) = postSolution
		SolutionGuid = {D61C5618-6FDD-426A-9E2C-7A02F84D45D5}
	EndGlobalSection
EndGlobal
